
Microsoft Visual Studio Solution File, Format Version 12.00
# Visual Studio Version 16
VisualStudioVersion = 16.0.31112.23
MinimumVisualStudioVersion = 10.0.40219.1
Project("{9A19103F-16F7-4668-BE54-9A1E7A4F7556}") = "MaxV.Helper", "MaxV.Helper\MaxV.Helper.csproj", "{BB419F18-2461-45B8-AA7A-6E4C1EBFC2D1}"
EndProject
Global
	GlobalSection(SolutionConfigurationPlatforms) = preSolution
		Debug|Any CPU = Debug|Any CPU
		Release|Any CPU = Release|Any CPU
	EndGlobalSection
	GlobalSection(ProjectConfigurationPlatforms) = postSolution
		{BB419F18-2461-45B8-AA7A-6E4C1EBFC2D1}.Debug|Any CPU.ActiveCfg = Debug|Any CPU
		{BB419F18-2461-45B8-AA7A-6E4C1EBFC2D1}.Debug|Any CPU.Build.0 = Debug|Any CPU
		{BB419F18-2461-45B8-AA7A-6E4C1EBFC2D1}.Release|Any CPU.ActiveCfg = Release|Any CPU
		{BB419F18-2461-45B8-AA7A-6E4C1EBFC2D1}.Release|Any CPU.Build.0 = Release|Any CPU
	EndGlobalSection
	GlobalSection(SolutionProperties) = preSolution
		HideSolutionNode = FALSE
	EndGlobalSection
	GlobalSection(ExtensibilityGlobals) = postSolution
		SolutionGuid = {2E50E707-EB7D-4DD9-BD95-0691A5A758BA}
	EndGlobalSection
EndGlobal
